
Microsoft Visual Studio Solution File, Format Version 12.00
# Visual Studio Version 16
VisualStudioVersion = 16.0.30717.126
MinimumVisualStudioVersion = 15.0.26124.0
Project("{2150E333-8FDC-42A3-9474-1A3956D46DE8}") = "src", "src", "{BC308ABA-E1BD-46A4-A682-51886A27C11A}"
EndProject
Project("{9A19103F-16F7-4668-BE54-9A1E7A4F7556}") = "Crm", "src\Crm\Crm.csproj", "{6F34C7B2-725C-4CF5-B97F-791F1CABF026}"
EndProject
Project("{9A19103F-16F7-4668-BE54-9A1E7A4F7556}") = "Crm.Crosscutting", "src\Crm.Crosscutting\Crm.Crosscutting.csproj", "{18D1290D-726D-4F80-BD64-1729052F8DAA}"
EndProject
Project("{9A19103F-16F7-4668-BE54-9A1E7A4F7556}") = "Crm.Domain", "src\Crm.Domain\Crm.Domain.csproj", "{3677C833-5A8A-4060-A607-1216E7B6310F}"
EndProject
Project("{9A19103F-16F7-4668-BE54-9A1E7A4F7556}") = "Crm.Dto", "src\Crm.Dto\Crm.Dto.csproj", "{F0C5B709-CF59-44FC-9CBD-2E9F72D92EEF}"
EndProject
Project("{9A19103F-16F7-4668-BE54-9A1E7A4F7556}") = "Crm.Domain.Services", "src\Crm.Domain.Services\Crm.Domain.Services.csproj", "{E82FB1DE-E18E-46F3-B807-3B3551D9E74F}"
EndProject
Project("{9A19103F-16F7-4668-BE54-9A1E7A4F7556}") = "Crm.Infrastructure", "src\Crm.Infrastructure\Crm.Infrastructure.csproj", "{0F6C2D64-77C0-45A0-B3AE-0C077E0E39F6}"
EndProject
Global
	GlobalSection(SolutionConfigurationPlatforms) = preSolution
		Debug|Any CPU = Debug|Any CPU
		Debug|x64 = Debug|x64
		Debug|x86 = Debug|x86
		Release|Any CPU = Release|Any CPU
		Release|x64 = Release|x64
		Release|x86 = Release|x86
	EndGlobalSection
	GlobalSection(ProjectConfigurationPlatforms) = postSolution
		{6F34C7B2-725C-4CF5-B97F-791F1CABF026}.Debug|Any CPU.ActiveCfg = Debug|Any CPU
		{6F34C7B2-725C-4CF5-B97F-791F1CABF026}.Debug|Any CPU.Build.0 = Debug|Any CPU
		{6F34C7B2-725C-4CF5-B97F-791F1CABF026}.Debug|x64.ActiveCfg = Debug|Any CPU
		{6F34C7B2-725C-4CF5-B97F-791F1CABF026}.Debug|x64.Build.0 = Debug|Any CPU
		{6F34C7B2-725C-4CF5-B97F-791F1CABF026}.Debug|x86.ActiveCfg = Debug|Any CPU
		{6F34C7B2-725C-4CF5-B97F-791F1CABF026}.Debug|x86.Build.0 = Debug|Any CPU
		{6F34C7B2-725C-4CF5-B97F-791F1CABF026}.Release|Any CPU.ActiveCfg = Release|Any CPU
		{6F34C7B2-725C-4CF5-B97F-791F1CABF026}.Release|Any CPU.Build.0 = Release|Any CPU
		{6F34C7B2-725C-4CF5-B97F-791F1CABF026}.Release|x64.ActiveCfg = Release|Any CPU
		{6F34C7B2-725C-4CF5-B97F-791F1CABF026}.Release|x64.Build.0 = Release|Any CPU
		{6F34C7B2-725C-4CF5-B97F-791F1CABF026}.Release|x86.ActiveCfg = Release|Any CPU
		{6F34C7B2-725C-4CF5-B97F-791F1CABF026}.Release|x86.Build.0 = Release|Any CPU
		{18D1290D-726D-4F80-BD64-1729052F8DAA}.Debug|Any CPU.ActiveCfg = Debug|Any CPU
		{18D1290D-726D-4F80-BD64-1729052F8DAA}.Debug|Any CPU.Build.0 = Debug|Any CPU
		{18D1290D-726D-4F80-BD64-1729052F8DAA}.Debug|x64.ActiveCfg = Debug|Any CPU
		{18D1290D-726D-4F80-BD64-1729052F8DAA}.Debug|x64.Build.0 = Debug|Any CPU
		{18D1290D-726D-4F80-BD64-1729052F8DAA}.Debug|x86.ActiveCfg = Debug|Any CPU
		{18D1290D-726D-4F80-BD64-1729052F8DAA}.Debug|x86.Build.0 = Debug|Any CPU
		{18D1290D-726D-4F80-BD64-1729052F8DAA}.Release|Any CPU.ActiveCfg = Release|Any CPU
		{18D1290D-726D-4F80-BD64-1729052F8DAA}.Release|Any CPU.Build.0 = Release|Any CPU
		{18D1290D-726D-4F80-BD64-1729052F8DAA}.Release|x64.ActiveCfg = Release|Any CPU
		{18D1290D-726D-4F80-BD64-1729052F8DAA}.Release|x64.Build.0 = Release|Any CPU
		{18D1290D-726D-4F80-BD64-1729052F8DAA}.Release|x86.ActiveCfg = Release|Any CPU
		{18D1290D-726D-4F80-BD64-1729052F8DAA}.Release|x86.Build.0 = Release|Any CPU
		{3677C833-5A8A-4060-A607-1216E7B6310F}.Debug|Any CPU.ActiveCfg = Debug|Any CPU
		{3677C833-5A8A-4060-A607-1216E7B6310F}.Debug|Any CPU.Build.0 = Debug|Any CPU
		{3677C833-5A8A-4060-A607-1216E7B6310F}.Debug|x64.ActiveCfg = Debug|Any CPU
		{3677C833-5A8A-4060-A607-1216E7B6310F}.Debug|x64.Build.0 = Debug|Any CPU
		{3677C833-5A8A-4060-A607-1216E7B6310F}.Debug|x86.ActiveCfg = Debug|Any CPU
		{3677C833-5A8A-4060-A607-1216E7B6310F}.Debug|x86.Build.0 = Debug|Any CPU
		{3677C833-5A8A-4060-A607-1216E7B6310F}.Release|Any CPU.ActiveCfg = Release|Any CPU
		{3677C833-5A8A-4060-A607-1216E7B6310F}.Release|Any CPU.Build.0 = Release|Any CPU
		{3677C833-5A8A-4060-A607-1216E7B6310F}.Release|x64.ActiveCfg = Release|Any CPU
		{3677C833-5A8A-4060-A607-1216E7B6310F}.Release|x64.Build.0 = Release|Any CPU
		{3677C833-5A8A-4060-A607-1216E7B6310F}.Release|x86.ActiveCfg = Release|Any CPU
		{3677C833-5A8A-4060-A607-1216E7B6310F}.Release|x86.Build.0 = Release|Any CPU
		{F0C5B709-CF59-44FC-9CBD-2E9F72D92EEF}.Debug|Any CPU.ActiveCfg = Debug|Any CPU
		{F0C5B709-CF59-44FC-9CBD-2E9F72D92EEF}.Debug|Any CPU.Build.0 = Debug|Any CPU
		{F0C5B709-CF59-44FC-9CBD-2E9F72D92EEF}.Debug|x64.ActiveCfg = Debug|Any CPU
		{F0C5B709-CF59-44FC-9CBD-2E9F72D92EEF}.Debug|x64.Build.0 = Debug|Any CPU
		{F0C5B709-CF59-44FC-9CBD-2E9F72D92EEF}.Debug|x86.ActiveCfg = Debug|Any CPU
		{F0C5B709-CF59-44FC-9CBD-2E9F72D92EEF}.Debug|x86.Build.0 = Debug|Any CPU
		{F0C5B709-CF59-44FC-9CBD-2E9F72D92EEF}.Release|Any CPU.ActiveCfg = Release|Any CPU
		{F0C5B709-CF59-44FC-9CBD-2E9F72D92EEF}.Release|Any CPU.Build.0 = Release|Any CPU
		{F0C5B709-CF59-44FC-9CBD-2E9F72D92EEF}.Release|x64.ActiveCfg = Release|Any CPU
		{F0C5B709-CF59-44FC-9CBD-2E9F72D92EEF}.Release|x64.Build.0 = Release|Any CPU
		{F0C5B709-CF59-44FC-9CBD-2E9F72D92EEF}.Release|x86.ActiveCfg = Release|Any CPU
		{F0C5B709-CF59-44FC-9CBD-2E9F72D92EEF}.Release|x86.Build.0 = Release|Any CPU
		{E82FB1DE-E18E-46F3-B807-3B3551D9E74F}.Debug|Any CPU.ActiveCfg = Debug|Any CPU
		{E82FB1DE-E18E-46F3-B807-3B3551D9E74F}.Debug|Any CPU.Build.0 = Debug|Any CPU
		{E82FB1DE-E18E-46F3-B807-3B3551D9E74F}.Debug|x64.ActiveCfg = Debug|Any CPU
		{E82FB1DE-E18E-46F3-B807-3B3551D9E74F}.Debug|x64.Build.0 = Debug|Any CPU
		{E82FB1DE-E18E-46F3-B807-3B3551D9E74F}.Debug|x86.ActiveCfg = Debug|Any CPU
		{E82FB1DE-E18E-46F3-B807-3B3551D9E74F}.Debug|x86.Build.0 = Debug|Any CPU
		{E82FB1DE-E18E-46F3-B807-3B3551D9E74F}.Release|Any CPU.ActiveCfg = Release|Any CPU
		{E82FB1DE-E18E-46F3-B807-3B3551D9E74F}.Release|Any CPU.Build.0 = Release|Any CPU
		{E82FB1DE-E18E-46F3-B807-3B3551D9E74F}.Release|x64.ActiveCfg = Release|Any CPU
		{E82FB1DE-E18E-46F3-B807-3B3551D9E74F}.Release|x64.Build.0 = Release|Any CPU
		{E82FB1DE-E18E-46F3-B807-3B3551D9E74F}.Release|x86.ActiveCfg = Release|Any CPU
		{E82FB1DE-E18E-46F3-B807-3B3551D9E74F}.Release|x86.Build.0 = Release|Any CPU
		{0F6C2D64-77C0-45A0-B3AE-0C077E0E39F6}.Debug|Any CPU.ActiveCfg = Debug|Any CPU
		{0F6C2D64-77C0-45A0-B3AE-0C077E0E39F6}.Debug|Any CPU.Build.0 = Debug|Any CPU
		{0F6C2D64-77C0-45A0-B3AE-0C077E0E39F6}.Debug|x64.ActiveCfg = Debug|Any CPU
		{0F6C2D64-77C0-45A0-B3AE-0C077E0E39F6}.Debug|x64.Build.0 = Debug|Any CPU
		{0F6C2D64-77C0-45A0-B3AE-0C077E0E39F6}.Debug|x86.ActiveCfg = Debug|Any CPU
		{0F6C2D64-77C0-45A0-B3AE-0C077E0E39F6}.Debug|x86.Build.0 = Debug|Any CPU
		{0F6C2D64-77C0-45A0-B3AE-0C077E0E39F6}.Release|Any CPU.ActiveCfg = Release|Any CPU
		{0F6C2D64-77C0-45A0-B3AE-0C077E0E39F6}.Release|Any CPU.Build.0 = Release|Any CPU
		{0F6C2D64-77C0-45A0-B3AE-0C077E0E39F6}.Release|x64.ActiveCfg = Release|Any CPU
		{0F6C2D64-77C0-45A0-B3AE-0C077E0E39F6}.Release|x64.Build.0 = Release|Any CPU
		{0F6C2D64-77C0-45A0-B3AE-0C077E0E39F6}.Release|x86.ActiveCfg = Release|Any CPU
		{0F6C2D64-77C0-45A0-B3AE-0C077E0E39F6}.Release|x86.Build.0 = Release|Any CPU
	EndGlobalSection
	GlobalSection(SolutionProperties) = preSolution
		HideSolutionNode = FALSE
	EndGlobalSection
	GlobalSection(NestedProjects) = preSolution
		{6F34C7B2-725C-4CF5-B97F-791F1CABF026} = {BC308ABA-E1BD-46A4-A682-51886A27C11A}
		{18D1290D-726D-4F80-BD64-1729052F8DAA} = {BC308ABA-E1BD-46A4-A682-51886A27C11A}
		{3677C833-5A8A-4060-A607-1216E7B6310F} = {BC308ABA-E1BD-46A4-A682-51886A27C11A}
		{F0C5B709-CF59-44FC-9CBD-2E9F72D92EEF} = {BC308ABA-E1BD-46A4-A682-51886A27C11A}
		{E82FB1DE-E18E-46F3-B807-3B3551D9E74F} = {BC308ABA-E1BD-46A4-A682-51886A27C11A}
		{0F6C2D64-77C0-45A0-B3AE-0C077E0E39F6} = {BC308ABA-E1BD-46A4-A682-51886A27C11A}
	EndGlobalSection
	GlobalSection(ExtensibilityGlobals) = postSolution
		SolutionGuid = {E83DCDDE-A385-49BA-A2DA-A82E4CEB9811}
	EndGlobalSection
EndGlobal
